{
  "requires": true,
  "lockfileVersion": 1,
  "dependencies": {
    "@types/chart.js": {
      "version": "2.8.4",
      "resolved": "https://registry.npmjs.org/@types/chart.js/-/chart.js-2.8.4.tgz",
      "integrity": "sha512-qc73o22TTRaNbxqXKvZpYynxkzKHhGVYgJ+J8M/iVfXJPxHP+5UJlRM+VuPSyP++sGjZjX9kc3wkIv+hDD4IKQ==",
      "dev": true
    }
  }
}
